
Microsoft Visual Studio Solution File, Format Version 12.00
# Visual Studio Version 17
VisualStudioVersion = 17.9.34622.214
MinimumVisualStudioVersion = 10.0.40219.1
Project("{FAE04EC0-301F-11D3-BF4B-00C04F79EFBC}") = "Riode", "Riode\Riode.csproj", "{1FBC054C-15DB-4CD8-903C-69BB80C054BF}"
EndProject
Global
	GlobalSection(SolutionConfigurationPlatforms) = preSolution
		Debug|Any CPU = Debug|Any CPU
		Release|Any CPU = Release|Any CPU
	EndGlobalSection
	GlobalSection(ProjectConfigurationPlatforms) = postSolution
		{1FBC054C-15DB-4CD8-903C-69BB80C054BF}.Debug|Any CPU.ActiveCfg = Debug|Any CPU
		{1FBC054C-15DB-4CD8-903C-69BB80C054BF}.Debug|Any CPU.Build.0 = Debug|Any CPU
		{1FBC054C-15DB-4CD8-903C-69BB80C054BF}.Release|Any CPU.ActiveCfg = Release|Any CPU
		{1FBC054C-15DB-4CD8-903C-69BB80C054BF}.Release|Any CPU.Build.0 = Release|Any CPU
	EndGlobalSection
	GlobalSection(SolutionProperties) = preSolution
		HideSolutionNode = FALSE
	EndGlobalSection
	GlobalSection(ExtensibilityGlobals) = postSolution
		SolutionGuid = {55AB382A-64E1-41AB-8865-B8193E96E58A}
	EndGlobalSection
EndGlobal
